
Microsoft Visual Studio Solution File, Format Version 12.00
# Visual Studio Version 16
VisualStudioVersion = 16.0.30011.22
MinimumVisualStudioVersion = 10.0.40219.1
Project("{FAE04EC0-301F-11D3-BF4B-00C04F79EFBC}") = "Arbetsprov", "Arbetsprov\Arbetsprov.csproj", "{47BD408D-7485-410B-82CF-DA157E0A07EC}"
EndProject
Global
	GlobalSection(SolutionConfigurationPlatforms) = preSolution
		Debug|Any CPU = Debug|Any CPU
		Release|Any CPU = Release|Any CPU
	EndGlobalSection
	GlobalSection(ProjectConfigurationPlatforms) = postSolution
		{47BD408D-7485-410B-82CF-DA157E0A07EC}.Debug|Any CPU.ActiveCfg = Debug|Any CPU
		{47BD408D-7485-410B-82CF-DA157E0A07EC}.Debug|Any CPU.Build.0 = Debug|Any CPU
		{47BD408D-7485-410B-82CF-DA157E0A07EC}.Release|Any CPU.ActiveCfg = Release|Any CPU
		{47BD408D-7485-410B-82CF-DA157E0A07EC}.Release|Any CPU.Build.0 = Release|Any CPU
	EndGlobalSection
	GlobalSection(SolutionProperties) = preSolution
		HideSolutionNode = FALSE
	EndGlobalSection
	GlobalSection(ExtensibilityGlobals) = postSolution
		SolutionGuid = {F8E1C539-CC80-445D-8BD5-145FACBF0892}
	EndGlobalSection
EndGlobal
